<?xml version="1.0" encoding="utf-8"?>
<Project ToolsVersion="4.0" xmlns="http://schemas.microsoft.com/developer/msbuild/2003">
  <ItemGroup>
    <Filter Include="Common">
      <UniqueIdentifier>{66f6265e-29a2-4b7d-9fad-0c357345ed9f}</UniqueIdentifier>
    </Filter>
    <Filter Include="Interface">
      <UniqueIdentifier>{a4f3fa29-8c90-4416-b446-cdae72bd3a2e}</UniqueIdentifier>
    </Filter>
    <Filter Include="Math">
      <UniqueIdentifier>{ed3439f7-37db-4b00-8305-646a2919436a}</UniqueIdentifier>
    </Filter>
    <Filter Include="Parser">
      <UniqueIdentifier>{93da8d9b-11d1-49ac-b784-fada6ee80fb4}</UniqueIdentifier>
    </Filter>
    <Filter Include="Platform">
      <UniqueIdentifier>{a5f0b541-a948-4eec-801d-a61427537c75}</UniqueIdentifier>
    </Filter>
    <Filter Include="RHI">
      <UniqueIdentifier>{febc0073-1aa3-4a9a-a5aa-16fc1729f20b}</UniqueIdentifier>
    </Filter>
  </ItemGroup>
  <ItemGroup>
    <ClCompile Include="Common\main.cpp">
      <Filter>Common</Filter>
    </ClCompile>
    <ClCompile Include="Common\BaseApplication.cpp">
      <Filter>Common</Filter>
    </ClCompile>
    <ClCompile Include="Common\Allocator.cpp">
      <Filter>Common</Filter>
    </ClCompile>
    <ClCompile Include="Common\GraphicsManager.cpp">
      <Filter>Common</Filter>
    </ClCompile>
    <ClCompile Include="Common\MemoryManager.cpp">
      <Filter>Common</Filter>
    </ClCompile>
    <ClCompile Include="Common\AssetLoader.cpp">
      <Filter>Common</Filter>
    </ClCompile>
    <ClCompile Include="Common\Buffer.cpp">
      <Filter>Common</Filter>
    </ClCompile>
    <ClCompile Include="Parser\BmpParser.cpp">
      <Filter>Parser</Filter>
    </ClCompile>
    <ClCompile Include="Platform\WindowsApplication.cpp">
      <Filter>Platform</Filter>
    </ClCompile>
    <ClCompile Include="RHI\D2DGraphicsManager.cpp">
      <Filter>RHI</Filter>
    </ClCompile>
    <ClCompile Include="Common\Image.cpp">
      <Filter>Common</Filter>
    </ClCompile>
    <ClCompile Include="Common\SceneManager.cpp">
      <Filter>Common</Filter>
    </ClCompile>
    <ClCompile Include="Common\Scene.cpp">
      <Filter>Common</Filter>
    </ClCompile>
    <ClCompile Include="RHI\D3D11GraphicsManager.cpp">
      <Filter>RHI</Filter>
    </ClCompile>
    <ClCompile Include="Common\SceneObject.cpp">
      <Filter>Common</Filter>
    </ClCompile>
  </ItemGroup>
  <ItemGroup>
    <ClInclude Include="Interface\IRuntimeModule.h">
      <Filter>Interface</Filter>
    </ClInclude>
    <ClInclude Include="Interface\IApplication.h">
      <Filter>Interface</Filter>
    </ClInclude>
    <ClInclude Include="Common\BaseApplication.h">
      <Filter>Common</Filter>
    </ClInclude>
    <ClInclude Include="Common\Allocator.h">
      <Filter>Common</Filter>
    </ClInclude>
    <ClInclude Include="Common\GfxConfiguration.h">
      <Filter>Common</Filter>
    </ClInclude>
    <ClInclude Include="Common\GraphicsManager.h">
      <Filter>Common</Filter>
    </ClInclude>
    <ClInclude Include="Common\MemoryManager.h">
      <Filter>Common</Filter>
    </ClInclude>
    <ClInclude Include="Common\AssetLoader.h">
      <Filter>Common</Filter>
    </ClInclude>
    <ClInclude Include="Common\Buffer.h">
      <Filter>Common</Filter>
    </ClInclude>
    <ClInclude Include="Common\Image.h">
      <Filter>Common</Filter>
    </ClInclude>
    <ClInclude Include="Interface\IImageParser.h">
      <Filter>Interface</Filter>
    </ClInclude>
    <ClInclude Include="Common\utility.h">
      <Filter>Common</Filter>
    </ClInclude>
    <ClInclude Include="Math\math.h">
      <Filter>Math</Filter>
    </ClInclude>
    <ClInclude Include="Common\SceneNode.h">
      <Filter>Common</Filter>
    </ClInclude>
    <ClInclude Include="Common\SceneObject.h">
      <Filter>Common</Filter>
    </ClInclude>
    <ClInclude Include="Interface\ISceneParser.h">
      <Filter>Interface</Filter>
    </ClInclude>
    <ClInclude Include="Parser\BmpParser.h">
      <Filter>Parser</Filter>
    </ClInclude>
    <ClInclude Include="Parser\OGEXParser.h">
      <Filter>Parser</Filter>
    </ClInclude>
    <ClInclude Include="Platform\WindowsApplication.h">
      <Filter>Platform</Filter>
    </ClInclude>
    <ClInclude Include="RHI\D2DGraphicsManager.h">
      <Filter>RHI</Filter>
    </ClInclude>
    <ClInclude Include="Common\SceneManager.h">
      <Filter>Common</Filter>
    </ClInclude>
    <ClInclude Include="Common\Scene.h">
      <Filter>Common</Filter>
    </ClInclude>
    <ClInclude Include="RHI\D3D11GraphicsManager.h">
      <Filter>RHI</Filter>
    </ClInclude>
  </ItemGroup>
</Project>