
Microsoft Visual Studio Solution File, Format Version 12.00
# Visual Studio 15
VisualStudioVersion = 15.0.28307.489
MinimumVisualStudioVersion = 10.0.40219.1
Project("{8BC9CEB8-8B4A-11D0-8D11-00A0C91BC942}") = "Framework", "Framework\Framework.vcxproj", "{CBE95678-4728-464A-8521-75AA1B975800}"
EndProject
Project("{8BC9CEB8-8B4A-11D0-8D11-00A0C91BC942}") = "Empty", "Empty\Empty.vcxproj", "{D75ABB8B-503C-445C-A147-4550D92E212D}"
	ProjectSection(ProjectDependencies) = postProject
		{CBE95678-4728-464A-8521-75AA1B975800} = {CBE95678-4728-464A-8521-75AA1B975800}
	EndProjectSection
EndProject
Project("{8BC9CEB8-8B4A-11D0-8D11-00A0C91BC942}") = "helloengine_d3d", "helloengine_d3d\helloengine_d3d.vcxproj", "{49379257-59CB-4D98-A453-C4C672982A50}"
EndProject
Project("{8BC9CEB8-8B4A-11D0-8D11-00A0C91BC942}") = "PlatformWindows", "PlatformWindows\PlatformWindows.vcxproj", "{EA7FEDBD-8358-435C-9DEF-44BF1961A4AD}"
	ProjectSection(ProjectDependencies) = postProject
		{CBE95678-4728-464A-8521-75AA1B975800} = {CBE95678-4728-464A-8521-75AA1B975800}
	EndProjectSection
EndProject
Project("{8BC9CEB8-8B4A-11D0-8D11-00A0C91BC942}") = "TextureLoadTest", "TextureLoadTest\TextureLoadTest.vcxproj", "{463F54F6-50E2-46ED-9333-310A23C1F538}"
	ProjectSection(ProjectDependencies) = postProject
		{7037D828-35E7-4F08-AA85-0B56D450EC6C} = {7037D828-35E7-4F08-AA85-0B56D450EC6C}
		{CBE95678-4728-464A-8521-75AA1B975800} = {CBE95678-4728-464A-8521-75AA1B975800}
	EndProjectSection
EndProject
Project("{8BC9CEB8-8B4A-11D0-8D11-00A0C91BC942}") = "RHI_D2D", "RHI_D2D\RHI_D2D.vcxproj", "{7037D828-35E7-4F08-AA85-0B56D450EC6C}"
	ProjectSection(ProjectDependencies) = postProject
		{CBE95678-4728-464A-8521-75AA1B975800} = {CBE95678-4728-464A-8521-75AA1B975800}
	EndProjectSection
EndProject
Project("{2150E333-8FDC-42A3-9474-1A3956D46DE8}") = "External", "External", "{BC156C57-4943-4064-BF9E-6695B4963987}"
EndProject
Project("{8BC9CEB8-8B4A-11D0-8D11-00A0C91BC942}") = "OgexParserTest", "OgexParserTest\OgexParserTest.vcxproj", "{25915D66-6352-4A9D-8F81-13B76E704128}"
	ProjectSection(ProjectDependencies) = postProject
		{CBE95678-4728-464A-8521-75AA1B975800} = {CBE95678-4728-464A-8521-75AA1B975800}
	EndProjectSection
EndProject
Project("{8BC9CEB8-8B4A-11D0-8D11-00A0C91BC942}") = "OpenGEX", "External\OpenGex\OpenGEX\OpenGEX.vcxproj", "{1FB42270-5521-4256-9462-41868AAFBBA1}"
	ProjectSection(ProjectDependencies) = postProject
		{E6ABE76C-C540-4CFB-835C-199EE4C59745} = {E6ABE76C-C540-4CFB-835C-199EE4C59745}
	EndProjectSection
EndProject
Project("{8BC9CEB8-8B4A-11D0-8D11-00A0C91BC942}") = "OpenDDL", "External\OpenGex\OpenDDL\OpenDDL.vcxproj", "{E6ABE76C-C540-4CFB-835C-199EE4C59745}"
EndProject
Global
	GlobalSection(SolutionConfigurationPlatforms) = preSolution
		Debug|x64 = Debug|x64
		Debug|x86 = Debug|x86
		Release|x64 = Release|x64
		Release|x86 = Release|x86
	EndGlobalSection
	GlobalSection(ProjectConfigurationPlatforms) = postSolution
		{CBE95678-4728-464A-8521-75AA1B975800}.Debug|x64.ActiveCfg = Debug|x64
		{CBE95678-4728-464A-8521-75AA1B975800}.Debug|x64.Build.0 = Debug|x64
		{CBE95678-4728-464A-8521-75AA1B975800}.Debug|x86.ActiveCfg = Debug|Win32
		{CBE95678-4728-464A-8521-75AA1B975800}.Debug|x86.Build.0 = Debug|Win32
		{CBE95678-4728-464A-8521-75AA1B975800}.Release|x64.ActiveCfg = Release|x64
		{CBE95678-4728-464A-8521-75AA1B975800}.Release|x64.Build.0 = Release|x64
		{CBE95678-4728-464A-8521-75AA1B975800}.Release|x86.ActiveCfg = Release|Win32
		{CBE95678-4728-464A-8521-75AA1B975800}.Release|x86.Build.0 = Release|Win32
		{D75ABB8B-503C-445C-A147-4550D92E212D}.Debug|x64.ActiveCfg = Debug|x64
		{D75ABB8B-503C-445C-A147-4550D92E212D}.Debug|x64.Build.0 = Debug|x64
		{D75ABB8B-503C-445C-A147-4550D92E212D}.Debug|x86.ActiveCfg = Debug|Win32
		{D75ABB8B-503C-445C-A147-4550D92E212D}.Debug|x86.Build.0 = Debug|Win32
		{D75ABB8B-503C-445C-A147-4550D92E212D}.Release|x64.ActiveCfg = Release|x64
		{D75ABB8B-503C-445C-A147-4550D92E212D}.Release|x64.Build.0 = Release|x64
		{D75ABB8B-503C-445C-A147-4550D92E212D}.Release|x86.ActiveCfg = Release|Win32
		{D75ABB8B-503C-445C-A147-4550D92E212D}.Release|x86.Build.0 = Release|Win32
		{49379257-59CB-4D98-A453-C4C672982A50}.Debug|x64.ActiveCfg = Debug|x64
		{49379257-59CB-4D98-A453-C4C672982A50}.Debug|x64.Build.0 = Debug|x64
		{49379257-59CB-4D98-A453-C4C672982A50}.Debug|x86.ActiveCfg = Debug|Win32
		{49379257-59CB-4D98-A453-C4C672982A50}.Debug|x86.Build.0 = Debug|Win32
		{49379257-59CB-4D98-A453-C4C672982A50}.Release|x64.ActiveCfg = Release|x64
		{49379257-59CB-4D98-A453-C4C672982A50}.Release|x64.Build.0 = Release|x64
		{49379257-59CB-4D98-A453-C4C672982A50}.Release|x86.ActiveCfg = Release|Win32
		{49379257-59CB-4D98-A453-C4C672982A50}.Release|x86.Build.0 = Release|Win32
		{EA7FEDBD-8358-435C-9DEF-44BF1961A4AD}.Debug|x64.ActiveCfg = Debug|x64
		{EA7FEDBD-8358-435C-9DEF-44BF1961A4AD}.Debug|x64.Build.0 = Debug|x64
		{EA7FEDBD-8358-435C-9DEF-44BF1961A4AD}.Debug|x86.ActiveCfg = Debug|Win32
		{EA7FEDBD-8358-435C-9DEF-44BF1961A4AD}.Debug|x86.Build.0 = Debug|Win32
		{EA7FEDBD-8358-435C-9DEF-44BF1961A4AD}.Release|x64.ActiveCfg = Release|x64
		{EA7FEDBD-8358-435C-9DEF-44BF1961A4AD}.Release|x64.Build.0 = Release|x64
		{EA7FEDBD-8358-435C-9DEF-44BF1961A4AD}.Release|x86.ActiveCfg = Release|Win32
		{EA7FEDBD-8358-435C-9DEF-44BF1961A4AD}.Release|x86.Build.0 = Release|Win32
		{463F54F6-50E2-46ED-9333-310A23C1F538}.Debug|x64.ActiveCfg = Debug|x64
		{463F54F6-50E2-46ED-9333-310A23C1F538}.Debug|x64.Build.0 = Debug|x64
		{463F54F6-50E2-46ED-9333-310A23C1F538}.Debug|x86.ActiveCfg = Debug|Win32
		{463F54F6-50E2-46ED-9333-310A23C1F538}.Debug|x86.Build.0 = Debug|Win32
		{463F54F6-50E2-46ED-9333-310A23C1F538}.Release|x64.ActiveCfg = Release|x64
		{463F54F6-50E2-46ED-9333-310A23C1F538}.Release|x64.Build.0 = Release|x64
		{463F54F6-50E2-46ED-9333-310A23C1F538}.Release|x86.ActiveCfg = Release|Win32
		{463F54F6-50E2-46ED-9333-310A23C1F538}.Release|x86.Build.0 = Release|Win32
		{7037D828-35E7-4F08-AA85-0B56D450EC6C}.Debug|x64.ActiveCfg = Debug|x64
		{7037D828-35E7-4F08-AA85-0B56D450EC6C}.Debug|x64.Build.0 = Debug|x64
		{7037D828-35E7-4F08-AA85-0B56D450EC6C}.Debug|x86.ActiveCfg = Debug|Win32
		{7037D828-35E7-4F08-AA85-0B56D450EC6C}.Debug|x86.Build.0 = Debug|Win32
		{7037D828-35E7-4F08-AA85-0B56D450EC6C}.Release|x64.ActiveCfg = Release|x64
		{7037D828-35E7-4F08-AA85-0B56D450EC6C}.Release|x64.Build.0 = Release|x64
		{7037D828-35E7-4F08-AA85-0B56D450EC6C}.Release|x86.ActiveCfg = Release|Win32
		{7037D828-35E7-4F08-AA85-0B56D450EC6C}.Release|x86.Build.0 = Release|Win32
		{25915D66-6352-4A9D-8F81-13B76E704128}.Debug|x64.ActiveCfg = Debug|x64
		{25915D66-6352-4A9D-8F81-13B76E704128}.Debug|x64.Build.0 = Debug|x64
		{25915D66-6352-4A9D-8F81-13B76E704128}.Debug|x86.ActiveCfg = Debug|Win32
		{25915D66-6352-4A9D-8F81-13B76E704128}.Debug|x86.Build.0 = Debug|Win32
		{25915D66-6352-4A9D-8F81-13B76E704128}.Release|x64.ActiveCfg = Release|x64
		{25915D66-6352-4A9D-8F81-13B76E704128}.Release|x64.Build.0 = Release|x64
		{25915D66-6352-4A9D-8F81-13B76E704128}.Release|x86.ActiveCfg = Release|Win32
		{25915D66-6352-4A9D-8F81-13B76E704128}.Release|x86.Build.0 = Release|Win32
		{1FB42270-5521-4256-9462-41868AAFBBA1}.Debug|x64.ActiveCfg = Debug|x64
		{1FB42270-5521-4256-9462-41868AAFBBA1}.Debug|x64.Build.0 = Debug|x64
		{1FB42270-5521-4256-9462-41868AAFBBA1}.Debug|x86.ActiveCfg = Debug|Win32
		{1FB42270-5521-4256-9462-41868AAFBBA1}.Debug|x86.Build.0 = Debug|Win32
		{1FB42270-5521-4256-9462-41868AAFBBA1}.Release|x64.ActiveCfg = Release|x64
		{1FB42270-5521-4256-9462-41868AAFBBA1}.Release|x64.Build.0 = Release|x64
		{1FB42270-5521-4256-9462-41868AAFBBA1}.Release|x86.ActiveCfg = Release|Win32
		{1FB42270-5521-4256-9462-41868AAFBBA1}.Release|x86.Build.0 = Release|Win32
		{E6ABE76C-C540-4CFB-835C-199EE4C59745}.Debug|x64.ActiveCfg = Debug|x64
		{E6ABE76C-C540-4CFB-835C-199EE4C59745}.Debug|x64.Build.0 = Debug|x64
		{E6ABE76C-C540-4CFB-835C-199EE4C59745}.Debug|x86.ActiveCfg = Debug|Win32
		{E6ABE76C-C540-4CFB-835C-199EE4C59745}.Debug|x86.Build.0 = Debug|Win32
		{E6ABE76C-C540-4CFB-835C-199EE4C59745}.Release|x64.ActiveCfg = Release|x64
		{E6ABE76C-C540-4CFB-835C-199EE4C59745}.Release|x64.Build.0 = Release|x64
		{E6ABE76C-C540-4CFB-835C-199EE4C59745}.Release|x86.ActiveCfg = Release|Win32
		{E6ABE76C-C540-4CFB-835C-199EE4C59745}.Release|x86.Build.0 = Release|Win32
	EndGlobalSection
	GlobalSection(SolutionProperties) = preSolution
		HideSolutionNode = FALSE
	EndGlobalSection
	GlobalSection(NestedProjects) = preSolution
		{1FB42270-5521-4256-9462-41868AAFBBA1} = {BC156C57-4943-4064-BF9E-6695B4963987}
		{E6ABE76C-C540-4CFB-835C-199EE4C59745} = {BC156C57-4943-4064-BF9E-6695B4963987}
	EndGlobalSection
	GlobalSection(ExtensibilityGlobals) = postSolution
		SolutionGuid = {47A8D279-345E-4940-A305-C01258F449EB}
	EndGlobalSection
EndGlobal
